
Microsoft Visual Studio Solution File, Format Version 12.00
# Visual Studio 15
VisualStudioVersion = 15.0.28010.2019
MinimumVisualStudioVersion = 10.0.40219.1
Project("{FAE04EC0-301F-11D3-BF4B-00C04F79EFBC}") = "phoneBook", "phoneBook\phoneBook.csproj", "{A7F08914-654E-43D4-B9AA-5FDA5141C9EE}"
EndProject
Global
	GlobalSection(SolutionConfigurationPlatforms) = preSolution
		Debug|Any CPU = Debug|Any CPU
		Release|Any CPU = Release|Any CPU
	EndGlobalSection
	GlobalSection(ProjectConfigurationPlatforms) = postSolution
		{A7F08914-654E-43D4-B9AA-5FDA5141C9EE}.Debug|Any CPU.ActiveCfg = Debug|Any CPU
		{A7F08914-654E-43D4-B9AA-5FDA5141C9EE}.Debug|Any CPU.Build.0 = Debug|Any CPU
		{A7F08914-654E-43D4-B9AA-5FDA5141C9EE}.Release|Any CPU.ActiveCfg = Release|Any CPU
		{A7F08914-654E-43D4-B9AA-5FDA5141C9EE}.Release|Any CPU.Build.0 = Release|Any CPU
	EndGlobalSection
	GlobalSection(SolutionProperties) = preSolution
		HideSolutionNode = FALSE
	EndGlobalSection
	GlobalSection(ExtensibilityGlobals) = postSolution
		SolutionGuid = {B88A8618-04FB-42B4-A26B-EBE6235DEFA7}
	EndGlobalSection
EndGlobal
